// !$*UTF8*$!
{
	archiveVersion = 1;
	classes = {
	};
	objectVersion = 56;
	objects = {

/* Begin PBXBuildFile section */
		33AFAF7C2AD620B7005202FF /* NewsApp.swift in Sources */ = {isa = PBXBuildFile; fileRef = 33AFAF7B2AD620B7005202FF /* NewsApp.swift */; };
		33AFAF802AD620B8005202FF /* Assets.xcassets in Resources */ = {isa = PBXBuildFile; fileRef = 33AFAF7F2AD620B8005202FF /* Assets.xcassets */; };
		33AFAF842AD620B8005202FF /* Preview Assets.xcassets in Resources */ = {isa = PBXBuildFile; fileRef = 33AFAF832AD620B8005202FF /* Preview Assets.xcassets */; };
		33AFAF8E2AD620B8005202FF /* NewsTests.swift in Sources */ = {isa = PBXBuildFile; fileRef = 33AFAF8D2AD620B8005202FF /* NewsTests.swift */; };
		33AFAF982AD620B8005202FF /* NewsUITests.swift in Sources */ = {isa = PBXBuildFile; fileRef = 33AFAF972AD620B8005202FF /* NewsUITests.swift */; };
		33AFAF9A2AD620B8005202FF /* NewsUITestsLaunchTests.swift in Sources */ = {isa = PBXBuildFile; fileRef = 33AFAF992AD620B8005202FF /* NewsUITestsLaunchTests.swift */; };
		33AFAFA82AD6211C005202FF /* String+Extension.swift in Sources */ = {isa = PBXBuildFile; fileRef = 33AFAFA72AD6211C005202FF /* String+Extension.swift */; };
		33AFAFAD2AD6215B005202FF /* NetworkEngine.swift in Sources */ = {isa = PBXBuildFile; fileRef = 33AFAFAC2AD6215B005202FF /* NetworkEngine.swift */; };
		33AFAFB02AD62170005202FF /* Alamofire in Frameworks */ = {isa = PBXBuildFile; productRef = 33AFAFAF2AD62170005202FF /* Alamofire */; };
		33AFAFB32AD6217D005202FF /* Kingfisher in Frameworks */ = {isa = PBXBuildFile; productRef = 33AFAFB22AD6217D005202FF /* Kingfisher */; };
		33AFAFB52AD62192005202FF /* NewsArticleRouter.swift in Sources */ = {isa = PBXBuildFile; fileRef = 33AFAFB42AD62192005202FF /* NewsArticleRouter.swift */; };
		33AFAFB72AD621AB005202FF /* ArticleList.swift in Sources */ = {isa = PBXBuildFile; fileRef = 33AFAFB62AD621AB005202FF /* ArticleList.swift */; };
		33AFAFBA2AD621D3005202FF /* NewsArticleRepository.swift in Sources */ = {isa = PBXBuildFile; fileRef = 33AFAFB92AD621D3005202FF /* NewsArticleRepository.swift */; };
		33AFAFC02AD6222C005202FF /* CardView.swift in Sources */ = {isa = PBXBuildFile; fileRef = 33AFAFBF2AD6222C005202FF /* CardView.swift */; };
		33AFAFC22AD62242005202FF /* CacheImageView.swift in Sources */ = {isa = PBXBuildFile; fileRef = 33AFAFC12AD62242005202FF /* CacheImageView.swift */; };
		33AFAFC42AD62262005202FF /* DetailArticleView.swift in Sources */ = {isa = PBXBuildFile; fileRef = 33AFAFC32AD62262005202FF /* DetailArticleView.swift */; };
		33AFAFC62AD62279005202FF /* HomeView.swift in Sources */ = {isa = PBXBuildFile; fileRef = 33AFAFC52AD62279005202FF /* HomeView.swift */; };
		33AFAFC82AD62289005202FF /* HomeViewModel.swift in Sources */ = {isa = PBXBuildFile; fileRef = 33AFAFC72AD62289005202FF /* HomeViewModel.swift */; };
		33AFAFCA2AD622A2005202FF /* AppCoordinator.swift in Sources */ = {isa = PBXBuildFile; fileRef = 33AFAFC92AD622A2005202FF /* AppCoordinator.swift */; };
		33AFAFCC2AD622B1005202FF /* Constant.swift in Sources */ = {isa = PBXBuildFile; fileRef = 33AFAFCB2AD622B1005202FF /* Constant.swift */; };
		33AFAFCF2AD622F4005202FF /* MockNewsArticleRepository.swift in Sources */ = {isa = PBXBuildFile; fileRef = 33AFAFCE2AD622F4005202FF /* MockNewsArticleRepository.swift */; };
		33AFAFD12AD62317005202FF /* PreviewProvider.swift in Sources */ = {isa = PBXBuildFile; fileRef = 33AFAFD02AD62317005202FF /* PreviewProvider.swift */; };
		33AFAFD32AD62394005202FF /* ArticleList.json in Resources */ = {isa = PBXBuildFile; fileRef = 33AFAFD22AD62394005202FF /* ArticleList.json */; };
		33AFAFD72AD62929005202FF /* .gitignore in Resources */ = {isa = PBXBuildFile; fileRef = 33AFAFD62AD62929005202FF /* .gitignore */; };
/* End PBXBuildFile section */

/* Begin PBXContainerItemProxy section */
		33AFAF8A2AD620B8005202FF /* PBXContainerItemProxy */ = {
			isa = PBXContainerItemProxy;
			containerPortal = 33AFAF702AD620B7005202FF /* Project object */;
			proxyType = 1;
			remoteGlobalIDString = 33AFAF772AD620B7005202FF;
			remoteInfo = News;
		};
		33AFAF942AD620B8005202FF /* PBXContainerItemProxy */ = {
			isa = PBXContainerItemProxy;
			containerPortal = 33AFAF702AD620B7005202FF /* Project object */;
			proxyType = 1;
			remoteGlobalIDString = 33AFAF772AD620B7005202FF;
			remoteInfo = News;
		};
/* End PBXContainerItemProxy section */

/* Begin PBXFileReference section */
		33AFAF782AD620B7005202FF /* News.app */ = {isa = PBXFileReference; explicitFileType = wrapper.application; includeInIndex = 0; path = News.app; sourceTree = BUILT_PRODUCTS_DIR; };
		33AFAF7B2AD620B7005202FF /* NewsApp.swift */ = {isa = PBXFileReference; lastKnownFileType = sourcecode.swift; path = NewsApp.swift; sourceTree = "<group>"; };
		33AFAF7F2AD620B8005202FF /* Assets.xcassets */ = {isa = PBXFileReference; lastKnownFileType = folder.assetcatalog; path = Assets.xcassets; sourceTree = "<group>"; };
		33AFAF812AD620B8005202FF /* News.entitlements */ = {isa = PBXFileReference; lastKnownFileType = text.plist.entitlements; path = News.entitlements; sourceTree = "<group>"; };
		33AFAF832AD620B8005202FF /* Preview Assets.xcassets */ = {isa = PBXFileReference; lastKnownFileType = folder.assetcatalog; path = "Preview Assets.xcassets"; sourceTree = "<group>"; };
		33AFAF892AD620B8005202FF /* NewsTests.xctest */ = {isa = PBXFileReference; explicitFileType = wrapper.cfbundle; includeInIndex = 0; path = NewsTests.xctest; sourceTree = BUILT_PRODUCTS_DIR; };
		33AFAF8D2AD620B8005202FF /* NewsTests.swift */ = {isa = PBXFileReference; lastKnownFileType = sourcecode.swift; path = NewsTests.swift; sourceTree = "<group>"; };
		33AFAF932AD620B8005202FF /* NewsUITests.xctest */ = {isa = PBXFileReference; explicitFileType = wrapper.cfbundle; includeInIndex = 0; path = NewsUITests.xctest; sourceTree = BUILT_PRODUCTS_DIR; };
		33AFAF972AD620B8005202FF /* NewsUITests.swift */ = {isa = PBXFileReference; lastKnownFileType = sourcecode.swift; path = NewsUITests.swift; sourceTree = "<group>"; };
		33AFAF992AD620B8005202FF /* NewsUITestsLaunchTests.swift */ = {isa = PBXFileReference; lastKnownFileType = sourcecode.swift; path = NewsUITestsLaunchTests.swift; sourceTree = "<group>"; };
		33AFAFA72AD6211C005202FF /* String+Extension.swift */ = {isa = PBXFileReference; lastKnownFileType = sourcecode.swift; path = "String+Extension.swift"; sourceTree = "<group>"; };
		33AFAFAC2AD6215B005202FF /* NetworkEngine.swift */ = {isa = PBXFileReference; lastKnownFileType = sourcecode.swift; path = NetworkEngine.swift; sourceTree = "<group>"; };
		33AFAFB42AD62192005202FF /* NewsArticleRouter.swift */ = {isa = PBXFileReference; lastKnownFileType = sourcecode.swift; path = NewsArticleRouter.swift; sourceTree = "<group>"; };
		33AFAFB62AD621AB005202FF /* ArticleList.swift */ = {isa = PBXFileReference; lastKnownFileType = sourcecode.swift; path = ArticleList.swift; sourceTree = "<group>"; };
		33AFAFB92AD621D3005202FF /* NewsArticleRepository.swift */ = {isa = PBXFileReference; lastKnownFileType = sourcecode.swift; path = NewsArticleRepository.swift; sourceTree = "<group>"; };
		33AFAFBF2AD6222C005202FF /* CardView.swift */ = {isa = PBXFileReference; lastKnownFileType = sourcecode.swift; path = CardView.swift; sourceTree = "<group>"; };
		33AFAFC12AD62242005202FF /* CacheImageView.swift */ = {isa = PBXFileReference; lastKnownFileType = sourcecode.swift; path = CacheImageView.swift; sourceTree = "<group>"; };
		33AFAFC32AD62262005202FF /* DetailArticleView.swift */ = {isa = PBXFileReference; lastKnownFileType = sourcecode.swift; path = DetailArticleView.swift; sourceTree = "<group>"; };
		33AFAFC52AD62279005202FF /* HomeView.swift */ = {isa = PBXFileReference; lastKnownFileType = sourcecode.swift; path = HomeView.swift; sourceTree = "<group>"; };
		33AFAFC72AD62289005202FF /* HomeViewModel.swift */ = {isa = PBXFileReference; lastKnownFileType = sourcecode.swift; path = HomeViewModel.swift; sourceTree = "<group>"; };
		33AFAFC92AD622A2005202FF /* AppCoordinator.swift */ = {isa = PBXFileReference; lastKnownFileType = sourcecode.swift; path = AppCoordinator.swift; sourceTree = "<group>"; };
		33AFAFCB2AD622B1005202FF /* Constant.swift */ = {isa = PBXFileReference; lastKnownFileType = sourcecode.swift; path = Constant.swift; sourceTree = "<group>"; };
		33AFAFCE2AD622F4005202FF /* MockNewsArticleRepository.swift */ = {isa = PBXFileReference; lastKnownFileType = sourcecode.swift; path = MockNewsArticleRepository.swift; sourceTree = "<group>"; };
		33AFAFD02AD62317005202FF /* PreviewProvider.swift */ = {isa = PBXFileReference; lastKnownFileType = sourcecode.swift; path = PreviewProvider.swift; sourceTree = "<group>"; };
		33AFAFD22AD62394005202FF /* ArticleList.json */ = {isa = PBXFileReference; lastKnownFileType = text.json; path = ArticleList.json; sourceTree = "<group>"; };
		33AFAFD62AD62929005202FF /* .gitignore */ = {isa = PBXFileReference; lastKnownFileType = text; path = .gitignore; sourceTree = "<group>"; };
/* End PBXFileReference section */

/* Begin PBXFrameworksBuildPhase section */
		33AFAF752AD620B7005202FF /* Frameworks */ = {
			isa = PBXFrameworksBuildPhase;
			buildActionMask = 2147483647;
			files = (
				33AFAFB32AD6217D005202FF /* Kingfisher in Frameworks */,
				33AFAFB02AD62170005202FF /* Alamofire in Frameworks */,
			);
			runOnlyForDeploymentPostprocessing = 0;
		};
		33AFAF862AD620B8005202FF /* Frameworks */ = {
			isa = PBXFrameworksBuildPhase;
			buildActionMask = 2147483647;
			files = (
			);
			runOnlyForDeploymentPostprocessing = 0;
		};
		33AFAF902AD620B8005202FF /* Frameworks */ = {
			isa = PBXFrameworksBuildPhase;
			buildActionMask = 2147483647;
			files = (
			);
			runOnlyForDeploymentPostprocessing = 0;
		};
/* End PBXFrameworksBuildPhase section */

/* Begin PBXGroup section */
		33AFAF6F2AD620B7005202FF = {
			isa = PBXGroup;
			children = (
				33AFAFD62AD62929005202FF /* .gitignore */,
				33AFAF7A2AD620B7005202FF /* News */,
				33AFAF8C2AD620B8005202FF /* NewsTests */,
				33AFAF962AD620B8005202FF /* NewsUITests */,
				33AFAF792AD620B7005202FF /* Products */,
			);
			sourceTree = "<group>";
		};
		33AFAF792AD620B7005202FF /* Products */ = {
			isa = PBXGroup;
			children = (
				33AFAF782AD620B7005202FF /* News.app */,
				33AFAF892AD620B8005202FF /* NewsTests.xctest */,
				33AFAF932AD620B8005202FF /* NewsUITests.xctest */,
			);
			name = Products;
			sourceTree = "<group>";
		};
		33AFAF7A2AD620B7005202FF /* News */ = {
			isa = PBXGroup;
			children = (
				33AFAFA62AD6210C005202FF /* Extension */,
				33AFAFA92AD6212A005202FF /* Data */,
				33AFAFB82AD621B8005202FF /* Domain */,
				33AFAFBB2AD621F6005202FF /* Presentation */,
				33AFAF7B2AD620B7005202FF /* NewsApp.swift */,
				33AFAFCB2AD622B1005202FF /* Constant.swift */,
				33AFAF812AD620B8005202FF /* News.entitlements */,
				33AFAF822AD620B8005202FF /* Preview Content */,
			);
			path = News;
			sourceTree = "<group>";
		};
		33AFAF822AD620B8005202FF /* Preview Content */ = {
			isa = PBXGroup;
			children = (
				33AFAFCD2AD622E3005202FF /* MockRepository */,
				33AFAF832AD620B8005202FF /* Preview Assets.xcassets */,
				33AFAFD02AD62317005202FF /* PreviewProvider.swift */,
				33AFAFD22AD62394005202FF /* ArticleList.json */,
			);
			path = "Preview Content";
			sourceTree = "<group>";
		};
		33AFAF8C2AD620B8005202FF /* NewsTests */ = {
			isa = PBXGroup;
			children = (
				33AFAF8D2AD620B8005202FF /* NewsTests.swift */,
			);
			path = NewsTests;
			sourceTree = "<group>";
		};
		33AFAF962AD620B8005202FF /* NewsUITests */ = {
			isa = PBXGroup;
			children = (
				33AFAF972AD620B8005202FF /* NewsUITests.swift */,
				33AFAF992AD620B8005202FF /* NewsUITestsLaunchTests.swift */,
			);
			path = NewsUITests;
			sourceTree = "<group>";
		};
		33AFAFA62AD6210C005202FF /* Extension */ = {
			isa = PBXGroup;
			children = (
				33AFAFA72AD6211C005202FF /* String+Extension.swift */,
			);
			path = Extension;
			sourceTree = "<group>";
		};
		33AFAFA92AD6212A005202FF /* Data */ = {
			isa = PBXGroup;
			children = (
				33AFAFAB2AD62141005202FF /* Model */,
				33AFAFAA2AD62135005202FF /* Network */,
			);
			path = Data;
			sourceTree = "<group>";
		};
		33AFAFAA2AD62135005202FF /* Network */ = {
			isa = PBXGroup;
			children = (
				33AFAFAC2AD6215B005202FF /* NetworkEngine.swift */,
				33AFAFB42AD62192005202FF /* NewsArticleRouter.swift */,
			);
			path = Network;
			sourceTree = "<group>";
		};
		33AFAFAB2AD62141005202FF /* Model */ = {
			isa = PBXGroup;
			children = (
				33AFAFB62AD621AB005202FF /* ArticleList.swift */,
			);
			path = Model;
			sourceTree = "<group>";
		};
		33AFAFB82AD621B8005202FF /* Domain */ = {
			isa = PBXGroup;
			children = (
				33AFAFB92AD621D3005202FF /* NewsArticleRepository.swift */,
			);
			path = Domain;
			sourceTree = "<group>";
		};
		33AFAFBB2AD621F6005202FF /* Presentation */ = {
			isa = PBXGroup;
			children = (
				33AFAF7F2AD620B8005202FF /* Assets.xcassets */,
				33AFAFC92AD622A2005202FF /* AppCoordinator.swift */,
				33AFAFBC2AD62200005202FF /* UI */,
				33AFAFBE2AD6220C005202FF /* Home */,
				33AFAFBD2AD62204005202FF /* Detail */,
			);
			path = Presentation;
			sourceTree = "<group>";
		};
		33AFAFBC2AD62200005202FF /* UI */ = {
			isa = PBXGroup;
			children = (
				33AFAFBF2AD6222C005202FF /* CardView.swift */,
				33AFAFC12AD62242005202FF /* CacheImageView.swift */,
			);
			path = UI;
			sourceTree = "<group>";
		};
		33AFAFBD2AD62204005202FF /* Detail */ = {
			isa = PBXGroup;
			children = (
				33AFAFC32AD62262005202FF /* DetailArticleView.swift */,
			);
			path = Detail;
			sourceTree = "<group>";
		};
		33AFAFBE2AD6220C005202FF /* Home */ = {
			isa = PBXGroup;
			children = (
				33AFAFC52AD62279005202FF /* HomeView.swift */,
				33AFAFC72AD62289005202FF /* HomeViewModel.swift */,
			);
			path = Home;
			sourceTree = "<group>";
		};
		33AFAFCD2AD622E3005202FF /* MockRepository */ = {
			isa = PBXGroup;
			children = (
				33AFAFCE2AD622F4005202FF /* MockNewsArticleRepository.swift */,
			);
			path = MockRepository;
			sourceTree = "<group>";
		};
/* End PBXGroup section */

/* Begin PBXNativeTarget section */
		33AFAF772AD620B7005202FF /* News */ = {
			isa = PBXNativeTarget;
			buildConfigurationList = 33AFAF9D2AD620B8005202FF /* Build configuration list for PBXNativeTarget "News" */;
			buildPhases = (
				33AFAF742AD620B7005202FF /* Sources */,
				33AFAF752AD620B7005202FF /* Frameworks */,
				33AFAF762AD620B7005202FF /* Resources */,
			);
			buildRules = (
			);
			dependencies = (
			);
			name = News;
			packageProductDependencies = (
				33AFAFAF2AD62170005202FF /* Alamofire */,
				33AFAFB22AD6217D005202FF /* Kingfisher */,
			);
			productName = News;
			productReference = 33AFAF782AD620B7005202FF /* News.app */;
			productType = "com.apple.product-type.application";
		};
		33AFAF882AD620B8005202FF /* NewsTests */ = {
			isa = PBXNativeTarget;
			buildConfigurationList = 33AFAFA02AD620B8005202FF /* Build configuration list for PBXNativeTarget "NewsTests" */;
			buildPhases = (
				33AFAF852AD620B8005202FF /* Sources */,
				33AFAF862AD620B8005202FF /* Frameworks */,
				33AFAF872AD620B8005202FF /* Resources */,
			);
			buildRules = (
			);
			dependencies = (
				33AFAF8B2AD620B8005202FF /* PBXTargetDependency */,
			);
			name = NewsTests;
			productName = NewsTests;
			productReference = 33AFAF892AD620B8005202FF /* NewsTests.xctest */;
			productType = "com.apple.product-type.bundle.unit-test";
		};
		33AFAF922AD620B8005202FF /* NewsUITests */ = {
			isa = PBXNativeTarget;
			buildConfigurationList = 33AFAFA32AD620B8005202FF /* Build configuration list for PBXNativeTarget "NewsUITests" */;
			buildPhases = (
				33AFAF8F2AD620B8005202FF /* Sources */,
				33AFAF902AD620B8005202FF /* Frameworks */,
				33AFAF912AD620B8005202FF /* Resources */,
			);
			buildRules = (
			);
			dependencies = (
				33AFAF952AD620B8005202FF /* PBXTargetDependency */,
			);
			name = NewsUITests;
			productName = NewsUITests;
			productReference = 33AFAF932AD620B8005202FF /* NewsUITests.xctest */;
			productType = "com.apple.product-type.bundle.ui-testing";
		};
/* End PBXNativeTarget section */

/* Begin PBXProject section */
		33AFAF702AD620B7005202FF /* Project object */ = {
			isa = PBXProject;
			attributes = {
				BuildIndependentTargetsInParallel = 1;
				LastSwiftUpdateCheck = 1430;
				LastUpgradeCheck = 1430;
				TargetAttributes = {
					33AFAF772AD620B7005202FF = {
						CreatedOnToolsVersion = 14.3.1;
					};
					33AFAF882AD620B8005202FF = {
						CreatedOnToolsVersion = 14.3.1;
						TestTargetID = 33AFAF772AD620B7005202FF;
					};
					33AFAF922AD620B8005202FF = {
						CreatedOnToolsVersion = 14.3.1;
						TestTargetID = 33AFAF772AD620B7005202FF;
					};
				};
			};
			buildConfigurationList = 33AFAF732AD620B7005202FF /* Build configuration list for PBXProject "News" */;
			compatibilityVersion = "Xcode 14.0";
			developmentRegion = en;
			hasScannedForEncodings = 0;
			knownRegions = (
				en,
				Base,
			);
			mainGroup = 33AFAF6F2AD620B7005202FF;
			packageReferences = (
				33AFAFAE2AD62170005202FF /* XCRemoteSwiftPackageReference "Alamofire" */,
				33AFAFB12AD6217D005202FF /* XCRemoteSwiftPackageReference "Kingfisher" */,
			);
			productRefGroup = 33AFAF792AD620B7005202FF /* Products */;
			projectDirPath = "";
			projectRoot = "";
			targets = (
				33AFAF772AD620B7005202FF /* News */,
				33AFAF882AD620B8005202FF /* NewsTests */,
				33AFAF922AD620B8005202FF /* NewsUITests */,
			);
		};
/* End PBXProject section */

/* Begin PBXResourcesBuildPhase section */
		33AFAF762AD620B7005202FF /* Resources */ = {
			isa = PBXResourcesBuildPhase;
			buildActionMask = 2147483647;
			files = (
				33AFAFD72AD62929005202FF /* .gitignore in Resources */,
				33AFAF842AD620B8005202FF /* Preview Assets.xcassets in Resources */,
				33AFAF802AD620B8005202FF /* Assets.xcassets in Resources */,
				33AFAFD32AD62394005202FF /* ArticleList.json in Resources */,
			);
			runOnlyForDeploymentPostprocessing = 0;
		};
		33AFAF872AD620B8005202FF /* Resources */ = {
			isa = PBXResourcesBuildPhase;
			buildActionMask = 2147483647;
			files = (
			);
			runOnlyForDeploymentPostprocessing = 0;
		};
		33AFAF912AD620B8005202FF /* Resources */ = {
			isa = PBXResourcesBuildPhase;
			buildActionMask = 2147483647;
			files = (
			);
			runOnlyForDeploymentPostprocessing = 0;
		};
/* End PBXResourcesBuildPhase section */

/* Begin PBXSourcesBuildPhase section */
		33AFAF742AD620B7005202FF /* Sources */ = {
			isa = PBXSourcesBuildPhase;
			buildActionMask = 2147483647;
			files = (
				33AFAFBA2AD621D3005202FF /* NewsArticleRepository.swift in Sources */,
				33AFAFCA2AD622A2005202FF /* AppCoordinator.swift in Sources */,
				33AFAFA82AD6211C005202FF /* String+Extension.swift in Sources */,
				33AFAFB72AD621AB005202FF /* ArticleList.swift in Sources */,
				33AFAFC42AD62262005202FF /* DetailArticleView.swift in Sources */,
				33AFAFC62AD62279005202FF /* HomeView.swift in Sources */,
				33AFAFCC2AD622B1005202FF /* Constant.swift in Sources */,
				33AFAFAD2AD6215B005202FF /* NetworkEngine.swift in Sources */,
				33AFAFC82AD62289005202FF /* HomeViewModel.swift in Sources */,
				33AFAF7C2AD620B7005202FF /* NewsApp.swift in Sources */,
				33AFAFCF2AD622F4005202FF /* MockNewsArticleRepository.swift in Sources */,
				33AFAFC22AD62242005202FF /* CacheImageView.swift in Sources */,
				33AFAFD12AD62317005202FF /* PreviewProvider.swift in Sources */,
				33AFAFC02AD6222C005202FF /* CardView.swift in Sources */,
				33AFAFB52AD62192005202FF /* NewsArticleRouter.swift in Sources */,
			);
			runOnlyForDeploymentPostprocessing = 0;
		};
		33AFAF852AD620B8005202FF /* Sources */ = {
			isa = PBXSourcesBuildPhase;
			buildActionMask = 2147483647;
			files = (
				33AFAF8E2AD620B8005202FF /* NewsTests.swift in Sources */,
			);
			runOnlyForDeploymentPostprocessing = 0;
		};
		33AFAF8F2AD620B8005202FF /* Sources */ = {
			isa = PBXSourcesBuildPhase;
			buildActionMask = 2147483647;
			files = (
				33AFAF982AD620B8005202FF /* NewsUITests.swift in Sources */,
				33AFAF9A2AD620B8005202FF /* NewsUITestsLaunchTests.swift in Sources */,
			);
			runOnlyForDeploymentPostprocessing = 0;
		};
/* End PBXSourcesBuildPhase section */

/* Begin PBXTargetDependency section */
		33AFAF8B2AD620B8005202FF /* PBXTargetDependency */ = {
			isa = PBXTargetDependency;
			target = 33AFAF772AD620B7005202FF /* News */;
			targetProxy = 33AFAF8A2AD620B8005202FF /* PBXContainerItemProxy */;
		};
		33AFAF952AD620B8005202FF /* PBXTargetDependency */ = {
			isa = PBXTargetDependency;
			target = 33AFAF772AD620B7005202FF /* News */;
			targetProxy = 33AFAF942AD620B8005202FF /* PBXContainerItemProxy */;
		};
/* End PBXTargetDependency section */

/* Begin XCBuildConfiguration section */
		33AFAF9B2AD620B8005202FF /* Debug */ = {
			isa = XCBuildConfiguration;
			buildSettings = {
				ALWAYS_SEARCH_USER_PATHS = NO;
				CLANG_ANALYZER_NONNULL = YES;
				CLANG_ANALYZER_NUMBER_OBJECT_CONVERSION = YES_AGGRESSIVE;
				CLANG_CXX_LANGUAGE_STANDARD = "gnu++20";
				CLANG_ENABLE_MODULES = YES;
				CLANG_ENABLE_OBJC_ARC = YES;
				CLANG_ENABLE_OBJC_WEAK = YES;
				CLANG_WARN_BLOCK_CAPTURE_AUTORELEASING = YES;
				CLANG_WARN_BOOL_CONVERSION = YES;
				CLANG_WARN_COMMA = YES;
				CLANG_WARN_CONSTANT_CONVERSION = YES;
				CLANG_WARN_DEPRECATED_OBJC_IMPLEMENTATIONS = YES;
				CLANG_WARN_DIRECT_OBJC_ISA_USAGE = YES_ERROR;
				CLANG_WARN_DOCUMENTATION_COMMENTS = YES;
				CLANG_WARN_EMPTY_BODY = YES;
				CLANG_WARN_ENUM_CONVERSION = YES;
				CLANG_WARN_INFINITE_RECURSION = YES;
				CLANG_WARN_INT_CONVERSION = YES;
				CLANG_WARN_NON_LITERAL_NULL_CONVERSION = YES;
				CLANG_WARN_OBJC_IMPLICIT_RETAIN_SELF = YES;
				CLANG_WARN_OBJC_LITERAL_CONVERSION = YES;
				CLANG_WARN_OBJC_ROOT_CLASS = YES_ERROR;
				CLANG_WARN_QUOTED_INCLUDE_IN_FRAMEWORK_HEADER = YES;
				CLANG_WARN_RANGE_LOOP_ANALYSIS = YES;
				CLANG_WARN_STRICT_PROTOTYPES = YES;
				CLANG_WARN_SUSPICIOUS_MOVE = YES;
				CLANG_WARN_UNGUARDED_AVAILABILITY = YES_AGGRESSIVE;
				CLANG_WARN_UNREACHABLE_CODE = YES;
				CLANG_WARN__DUPLICATE_METHOD_MATCH = YES;
				COPY_PHASE_STRIP = NO;
				DEBUG_INFORMATION_FORMAT = dwarf;
				ENABLE_STRICT_OBJC_MSGSEND = YES;
				ENABLE_TESTABILITY = YES;
				GCC_C_LANGUAGE_STANDARD = gnu11;
				GCC_DYNAMIC_NO_PIC = NO;
				GCC_NO_COMMON_BLOCKS = YES;
				GCC_OPTIMIZATION_LEVEL = 0;
				GCC_PREPROCESSOR_DEFINITIONS = (
					"DEBUG=1",
					"$(inherited)",
				);
				GCC_WARN_64_TO_32_BIT_CONVERSION = YES;
				GCC_WARN_ABOUT_RETURN_TYPE = YES_ERROR;
				GCC_WARN_UNDECLARED_SELECTOR = YES;
				GCC_WARN_UNINITIALIZED_AUTOS = YES_AGGRESSIVE;
				GCC_WARN_UNUSED_FUNCTION = YES;
				GCC_WARN_UNUSED_VARIABLE = YES;
				MTL_ENABLE_DEBUG_INFO = INCLUDE_SOURCE;
				MTL_FAST_MATH = YES;
				ONLY_ACTIVE_ARCH = YES;
				SWIFT_ACTIVE_COMPILATION_CONDITIONS = DEBUG;
				SWIFT_OPTIMIZATION_LEVEL = "-Onone";
			};
			name = Debug;
		};
		33AFAF9C2AD620B8005202FF /* Release */ = {
			isa = XCBuildConfiguration;
			buildSettings = {
				ALWAYS_SEARCH_USER_PATHS = NO;
				CLANG_ANALYZER_NONNULL = YES;
				CLANG_ANALYZER_NUMBER_OBJECT_CONVERSION = YES_AGGRESSIVE;
				CLANG_CXX_LANGUAGE_STANDARD = "gnu++20";
				CLANG_ENABLE_MODULES = YES;
				CLANG_ENABLE_OBJC_ARC = YES;
				CLANG_ENABLE_OBJC_WEAK = YES;
				CLANG_WARN_BLOCK_CAPTURE_AUTORELEASING = YES;
				CLANG_WARN_BOOL_CONVERSION = YES;
				CLANG_WARN_COMMA = YES;
				CLANG_WARN_CONSTANT_CONVERSION = YES;
				CLANG_WARN_DEPRECATED_OBJC_IMPLEMENTATIONS = YES;
				CLANG_WARN_DIRECT_OBJC_ISA_USAGE = YES_ERROR;
				CLANG_WARN_DOCUMENTATION_COMMENTS = YES;
				CLANG_WARN_EMPTY_BODY = YES;
				CLANG_WARN_ENUM_CONVERSION = YES;
				CLANG_WARN_INFINITE_RECURSION = YES;
				CLANG_WARN_INT_CONVERSION = YES;
				CLANG_WARN_NON_LITERAL_NULL_CONVERSION = YES;
				CLANG_WARN_OBJC_IMPLICIT_RETAIN_SELF = YES;
				CLANG_WARN_OBJC_LITERAL_CONVERSION = YES;
				CLANG_WARN_OBJC_ROOT_CLASS = YES_ERROR;
				CLANG_WARN_QUOTED_INCLUDE_IN_FRAMEWORK_HEADER = YES;
				CLANG_WARN_RANGE_LOOP_ANALYSIS = YES;
				CLANG_WARN_STRICT_PROTOTYPES = YES;
				CLANG_WARN_SUSPICIOUS_MOVE = YES;
				CLANG_WARN_UNGUARDED_AVAILABILITY = YES_AGGRESSIVE;
				CLANG_WARN_UNREACHABLE_CODE = YES;
				CLANG_WARN__DUPLICATE_METHOD_MATCH = YES;
				COPY_PHASE_STRIP = NO;
				DEBUG_INFORMATION_FORMAT = "dwarf-with-dsym";
				ENABLE_NS_ASSERTIONS = NO;
				ENABLE_STRICT_OBJC_MSGSEND = YES;
				GCC_C_LANGUAGE_STANDARD = gnu11;
				GCC_NO_COMMON_BLOCKS = YES;
				GCC_WARN_64_TO_32_BIT_CONVERSION = YES;
				GCC_WARN_ABOUT_RETURN_TYPE = YES_ERROR;
				GCC_WARN_UNDECLARED_SELECTOR = YES;
				GCC_WARN_UNINITIALIZED_AUTOS = YES_AGGRESSIVE;
				GCC_WARN_UNUSED_FUNCTION = YES;
				GCC_WARN_UNUSED_VARIABLE = YES;
				MTL_ENABLE_DEBUG_INFO = NO;
				MTL_FAST_MATH = YES;
				SWIFT_COMPILATION_MODE = wholemodule;
				SWIFT_OPTIMIZATION_LEVEL = "-O";
			};
			name = Release;
		};
		33AFAF9E2AD620B8005202FF /* Debug */ = {
			isa = XCBuildConfiguration;
			buildSettings = {
				ASSETCATALOG_COMPILER_APPICON_NAME = AppIcon;
				ASSETCATALOG_COMPILER_GLOBAL_ACCENT_COLOR_NAME = AccentColor;
				CODE_SIGN_ENTITLEMENTS = News/News.entitlements;
				CODE_SIGN_STYLE = Automatic;
				CURRENT_PROJECT_VERSION = 1;
				DEVELOPMENT_ASSET_PATHS = "\"News/Preview Content\"";
				DEVELOPMENT_TEAM = H4722UDU94;
				ENABLE_HARDENED_RUNTIME = YES;
				ENABLE_PREVIEWS = YES;
				GENERATE_INFOPLIST_FILE = YES;
				"INFOPLIST_KEY_UIApplicationSceneManifest_Generation[sdk=iphoneos*]" = YES;
				"INFOPLIST_KEY_UIApplicationSceneManifest_Generation[sdk=iphonesimulator*]" = YES;
				"INFOPLIST_KEY_UIApplicationSupportsIndirectInputEvents[sdk=iphoneos*]" = YES;
				"INFOPLIST_KEY_UIApplicationSupportsIndirectInputEvents[sdk=iphonesimulator*]" = YES;
				"INFOPLIST_KEY_UILaunchScreen_Generation[sdk=iphoneos*]" = YES;
				"INFOPLIST_KEY_UILaunchScreen_Generation[sdk=iphonesimulator*]" = YES;
				"INFOPLIST_KEY_UIStatusBarStyle[sdk=iphoneos*]" = UIStatusBarStyleDefault;
				"INFOPLIST_KEY_UIStatusBarStyle[sdk=iphonesimulator*]" = UIStatusBarStyleDefault;
				INFOPLIST_KEY_UISupportedInterfaceOrientations_iPad = "UIInterfaceOrientationPortrait UIInterfaceOrientationPortraitUpsideDown UIInterfaceOrientationLandscapeLeft UIInterfaceOrientationLandscapeRight";
				INFOPLIST_KEY_UISupportedInterfaceOrientations_iPhone = "UIInterfaceOrientationPortrait UIInterfaceOrientationLandscapeLeft UIInterfaceOrientationLandscapeRight";
				IPHONEOS_DEPLOYMENT_TARGET = 16.4;
				LD_RUNPATH_SEARCH_PATHS = "@executable_path/Frameworks";
				"LD_RUNPATH_SEARCH_PATHS[sdk=macosx*]" = "@executable_path/../Frameworks";
				MACOSX_DEPLOYMENT_TARGET = 13.3;
				MARKETING_VERSION = 1.0;
				PRODUCT_BUNDLE_IDENTIFIER = woo.michael.News;
				PRODUCT_NAME = "$(TARGET_NAME)";
				SDKROOT = auto;
				SUPPORTED_PLATFORMS = "iphoneos iphonesimulator macosx";
				SWIFT_EMIT_LOC_STRINGS = YES;
				SWIFT_VERSION = 5.0;
				TARGETED_DEVICE_FAMILY = "1,2";
			};
			name = Debug;
		};
		33AFAF9F2AD620B8005202FF /* Release */ = {
			isa = XCBuildConfiguration;
			buildSettings = {
				ASSETCATALOG_COMPILER_APPICON_NAME = AppIcon;
				ASSETCATALOG_COMPILER_GLOBAL_ACCENT_COLOR_NAME = AccentColor;
				CODE_SIGN_ENTITLEMENTS = News/News.entitlements;
				CODE_SIGN_STYLE = Automatic;
				CURRENT_PROJECT_VERSION = 1;
				DEVELOPMENT_ASSET_PATHS = "\"News/Preview Content\"";
				DEVELOPMENT_TEAM = H4722UDU94;
				ENABLE_HARDENED_RUNTIME = YES;
				ENABLE_PREVIEWS = YES;
				GENERATE_INFOPLIST_FILE = YES;
				"INFOPLIST_KEY_UIApplicationSceneManifest_Generation[sdk=iphoneos*]" = YES;
				"INFOPLIST_KEY_UIApplicationSceneManifest_Generation[sdk=iphonesimulator*]" = YES;
				"INFOPLIST_KEY_UIApplicationSupportsIndirectInputEvents[sdk=iphoneos*]" = YES;
				"INFOPLIST_KEY_UIApplicationSupportsIndirectInputEvents[sdk=iphonesimulator*]" = YES;
				"INFOPLIST_KEY_UILaunchScreen_Generation[sdk=iphoneos*]" = YES;
				"INFOPLIST_KEY_UILaunchScreen_Generation[sdk=iphonesimulator*]" = YES;
				"INFOPLIST_KEY_UIStatusBarStyle[sdk=iphoneos*]" = UIStatusBarStyleDefault;
				"INFOPLIST_KEY_UIStatusBarStyle[sdk=iphonesimulator*]" = UIStatusBarStyleDefault;
				INFOPLIST_KEY_UISupportedInterfaceOrientations_iPad = "UIInterfaceOrientationPortrait UIInterfaceOrientationPortraitUpsideDown UIInterfaceOrientationLandscapeLeft UIInterfaceOrientationLandscapeRight";
				INFOPLIST_KEY_UISupportedInterfaceOrientations_iPhone = "UIInterfaceOrientationPortrait UIInterfaceOrientationLandscapeLeft UIInterfaceOrientationLandscapeRight";
				IPHONEOS_DEPLOYMENT_TARGET = 16.4;
				LD_RUNPATH_SEARCH_PATHS = "@executable_path/Frameworks";
				"LD_RUNPATH_SEARCH_PATHS[sdk=macosx*]" = "@executable_path/../Frameworks";
				MACOSX_DEPLOYMENT_TARGET = 13.3;
				MARKETING_VERSION = 1.0;
				PRODUCT_BUNDLE_IDENTIFIER = woo.michael.News;
				PRODUCT_NAME = "$(TARGET_NAME)";
				SDKROOT = auto;
				SUPPORTED_PLATFORMS = "iphoneos iphonesimulator macosx";
				SWIFT_EMIT_LOC_STRINGS = YES;
				SWIFT_VERSION = 5.0;
				TARGETED_DEVICE_FAMILY = "1,2";
			};
			name = Release;
		};
		33AFAFA12AD620B8005202FF /* Debug */ = {
			isa = XCBuildConfiguration;
			buildSettings = {
				ALWAYS_EMBED_SWIFT_STANDARD_LIBRARIES = YES;
				BUNDLE_LOADER = "$(TEST_HOST)";
				CODE_SIGN_STYLE = Automatic;
				CURRENT_PROJECT_VERSION = 1;
				DEVELOPMENT_TEAM = H4722UDU94;
				GENERATE_INFOPLIST_FILE = YES;
				IPHONEOS_DEPLOYMENT_TARGET = 16.4;
				MACOSX_DEPLOYMENT_TARGET = 13.3;
				MARKETING_VERSION = 1.0;
				PRODUCT_BUNDLE_IDENTIFIER = woo.michael.NewsTests;
				PRODUCT_NAME = "$(TARGET_NAME)";
				SDKROOT = auto;
				SUPPORTED_PLATFORMS = "iphoneos iphonesimulator macosx";
				SWIFT_EMIT_LOC_STRINGS = NO;
				SWIFT_VERSION = 5.0;
				TARGETED_DEVICE_FAMILY = "1,2";
				TEST_HOST = "$(BUILT_PRODUCTS_DIR)/News.app/$(BUNDLE_EXECUTABLE_FOLDER_PATH)/News";
			};
			name = Debug;
		};
		33AFAFA22AD620B8005202FF /* Release */ = {
			isa = XCBuildConfiguration;
			buildSettings = {
				ALWAYS_EMBED_SWIFT_STANDARD_LIBRARIES = YES;
				BUNDLE_LOADER = "$(TEST_HOST)";
				CODE_SIGN_STYLE = Automatic;
				CURRENT_PROJECT_VERSION = 1;
				DEVELOPMENT_TEAM = H4722UDU94;
				GENERATE_INFOPLIST_FILE = YES;
				IPHONEOS_DEPLOYMENT_TARGET = 16.4;
				MACOSX_DEPLOYMENT_TARGET = 13.3;
				MARKETING_VERSION = 1.0;
				PRODUCT_BUNDLE_IDENTIFIER = woo.michael.NewsTests;
				PRODUCT_NAME = "$(TARGET_NAME)";
				SDKROOT = auto;
				SUPPORTED_PLATFORMS = "iphoneos iphonesimulator macosx";
				SWIFT_EMIT_LOC_STRINGS = NO;
				SWIFT_VERSION = 5.0;
				TARGETED_DEVICE_FAMILY = "1,2";
				TEST_HOST = "$(BUILT_PRODUCTS_DIR)/News.app/$(BUNDLE_EXECUTABLE_FOLDER_PATH)/News";
			};
			name = Release;
		};
		33AFAFA42AD620B8005202FF /* Debug */ = {
			isa = XCBuildConfiguration;
			buildSettings = {
				ALWAYS_EMBED_SWIFT_STANDARD_LIBRARIES = YES;
				CODE_SIGN_STYLE = Automatic;
				CURRENT_PROJECT_VERSION = 1;
				DEVELOPMENT_TEAM = H4722UDU94;
				GENERATE_INFOPLIST_FILE = YES;
				IPHONEOS_DEPLOYMENT_TARGET = 16.4;
				MACOSX_DEPLOYMENT_TARGET = 13.3;
				MARKETING_VERSION = 1.0;
				PRODUCT_BUNDLE_IDENTIFIER = woo.michael.NewsUITests;
				PRODUCT_NAME = "$(TARGET_NAME)";
				SDKROOT = auto;
				SUPPORTED_PLATFORMS = "iphoneos iphonesimulator macosx";
				SWIFT_EMIT_LOC_STRINGS = NO;
				SWIFT_VERSION = 5.0;
				TARGETED_DEVICE_FAMILY = "1,2";
				TEST_TARGET_NAME = News;
			};
			name = Debug;
		};
		33AFAFA52AD620B8005202FF /* Release */ = {
			isa = XCBuildConfiguration;
			buildSettings = {
				ALWAYS_EMBED_SWIFT_STANDARD_LIBRARIES = YES;
				CODE_SIGN_STYLE = Automatic;
				CURRENT_PROJECT_VERSION = 1;
				DEVELOPMENT_TEAM = H4722UDU94;
				GENERATE_INFOPLIST_FILE = YES;
				IPHONEOS_DEPLOYMENT_TARGET = 16.4;
				MACOSX_DEPLOYMENT_TARGET = 13.3;
				MARKETING_VERSION = 1.0;
				PRODUCT_BUNDLE_IDENTIFIER = woo.michael.NewsUITests;
				PRODUCT_NAME = "$(TARGET_NAME)";
				SDKROOT = auto;
				SUPPORTED_PLATFORMS = "iphoneos iphonesimulator macosx";
				SWIFT_EMIT_LOC_STRINGS = NO;
				SWIFT_VERSION = 5.0;
				TARGETED_DEVICE_FAMILY = "1,2";
				TEST_TARGET_NAME = News;
			};
			name = Release;
		};
/* End XCBuildConfiguration section */

/* Begin XCConfigurationList section */
		33AFAF732AD620B7005202FF /* Build configuration list for PBXProject "News" */ = {
			isa = XCConfigurationList;
			buildConfigurations = (
				33AFAF9B2AD620B8005202FF /* Debug */,
				33AFAF9C2AD620B8005202FF /* Release */,
			);
			defaultConfigurationIsVisible = 0;
			defaultConfigurationName = Release;
		};
		33AFAF9D2AD620B8005202FF /* Build configuration list for PBXNativeTarget "News" */ = {
			isa = XCConfigurationList;
			buildConfigurations = (
				33AFAF9E2AD620B8005202FF /* Debug */,
				33AFAF9F2AD620B8005202FF /* Release */,
			);
			defaultConfigurationIsVisible = 0;
			defaultConfigurationName = Release;
		};
		33AFAFA02AD620B8005202FF /* Build configuration list for PBXNativeTarget "NewsTests" */ = {
			isa = XCConfigurationList;
			buildConfigurations = (
				33AFAFA12AD620B8005202FF /* Debug */,
				33AFAFA22AD620B8005202FF /* Release */,
			);
			defaultConfigurationIsVisible = 0;
			defaultConfigurationName = Release;
		};
		33AFAFA32AD620B8005202FF /* Build configuration list for PBXNativeTarget "NewsUITests" */ = {
			isa = XCConfigurationList;
			buildConfigurations = (
				33AFAFA42AD620B8005202FF /* Debug */,
				33AFAFA52AD620B8005202FF /* Release */,
			);
			defaultConfigurationIsVisible = 0;
			defaultConfigurationName = Release;
		};
/* End XCConfigurationList section */

/* Begin XCRemoteSwiftPackageReference section */
		33AFAFAE2AD62170005202FF /* XCRemoteSwiftPackageReference "Alamofire" */ = {
			isa = XCRemoteSwiftPackageReference;
			repositoryURL = "https://github.com/Alamofire/Alamofire";
			requirement = {
				kind = upToNextMajorVersion;
				minimumVersion = 5.0.0;
			};
		};
		33AFAFB12AD6217D005202FF /* XCRemoteSwiftPackageReference "Kingfisher" */ = {
			isa = XCRemoteSwiftPackageReference;
			repositoryURL = "https://github.com/onevcat/Kingfisher";
			requirement = {
				kind = upToNextMajorVersion;
				minimumVersion = 7.0.0;
			};
		};
/* End XCRemoteSwiftPackageReference section */

/* Begin XCSwiftPackageProductDependency section */
		33AFAFAF2AD62170005202FF /* Alamofire */ = {
			isa = XCSwiftPackageProductDependency;
			package = 33AFAFAE2AD62170005202FF /* XCRemoteSwiftPackageReference "Alamofire" */;
			productName = Alamofire;
		};
		33AFAFB22AD6217D005202FF /* Kingfisher */ = {
			isa = XCSwiftPackageProductDependency;
			package = 33AFAFB12AD6217D005202FF /* XCRemoteSwiftPackageReference "Kingfisher" */;
			productName = Kingfisher;
		};
/* End XCSwiftPackageProductDependency section */
	};
	rootObject = 33AFAF702AD620B7005202FF /* Project object */;
}
